
Microsoft Visual Studio Solution File, Format Version 12.00
# Visual Studio 2015
Project("{FAE04EC0-301F-11D3-BF4B-00C04F79EFBC}") = "Simple Demo", "Simple Demo.csproj", "{8CAF11E8-DBB1-D5E7-CB90-E7A1C207F51C}"
EndProject
Global
	GlobalSection(SolutionConfigurationPlatforms) = preSolution
		Debug|Any CPU = Debug|Any CPU
		Release|Any CPU = Release|Any CPU
	EndGlobalSection
	GlobalSection(ProjectConfigurationPlatforms) = postSolution
		{8CAF11E8-DBB1-D5E7-CB90-E7A1C207F51C}.Debug|Any CPU.ActiveCfg = Debug|Any CPU
		{8CAF11E8-DBB1-D5E7-CB90-E7A1C207F51C}.Debug|Any CPU.Build.0 = Debug|Any CPU
		{8CAF11E8-DBB1-D5E7-CB90-E7A1C207F51C}.Release|Any CPU.ActiveCfg = Release|Any CPU
		{8CAF11E8-DBB1-D5E7-CB90-E7A1C207F51C}.Release|Any CPU.Build.0 = Release|Any CPU
	EndGlobalSection
	GlobalSection(SolutionProperties) = preSolution
		HideSolutionNode = FALSE
	EndGlobalSection
EndGlobal
